
Microsoft Visual Studio Solution File, Format Version 12.00
# Visual Studio 15
Project("{FAE04EC0-301F-11D3-BF4B-00C04F79EFBC}") = "Assembly-CSharp-Editor", "Assembly-CSharp-Editor.csproj", "{660287A6-EC6B-7DED-5209-A08C6950BCA7}"
EndProject
Project("{FAE04EC0-301F-11D3-BF4B-00C04F79EFBC}") = "Assembly-CSharp", "Assembly-CSharp.csproj", "{1C996798-BC8D-BCA8-2413-C0564A238730}"
EndProject
Global
	GlobalSection(SolutionConfigurationPlatforms) = preSolution
		Debug|Any CPU = Debug|Any CPU
		Release|Any CPU = Release|Any CPU
	EndGlobalSection
	GlobalSection(ProjectConfigurationPlatforms) = postSolution
		{660287A6-EC6B-7DED-5209-A08C6950BCA7}.Debug|Any CPU.ActiveCfg = Debug|Any CPU
		{660287A6-EC6B-7DED-5209-A08C6950BCA7}.Debug|Any CPU.Build.0 = Debug|Any CPU
		{660287A6-EC6B-7DED-5209-A08C6950BCA7}.Release|Any CPU.ActiveCfg = Release|Any CPU
		{660287A6-EC6B-7DED-5209-A08C6950BCA7}.Release|Any CPU.Build.0 = Release|Any CPU
		{1C996798-BC8D-BCA8-2413-C0564A238730}.Debug|Any CPU.ActiveCfg = Debug|Any CPU
		{1C996798-BC8D-BCA8-2413-C0564A238730}.Debug|Any CPU.Build.0 = Debug|Any CPU
		{1C996798-BC8D-BCA8-2413-C0564A238730}.Release|Any CPU.ActiveCfg = Release|Any CPU
		{1C996798-BC8D-BCA8-2413-C0564A238730}.Release|Any CPU.Build.0 = Release|Any CPU
	EndGlobalSection
	GlobalSection(SolutionProperties) = preSolution
		HideSolutionNode = FALSE
	EndGlobalSection
EndGlobal
